Microsoft Visual Studio Solution File, Format Version 12.00
# Visual Studio Version 17
VisualStudioVersion = 17.5.2.0
MinimumVisualStudioVersion = 10.0.40219.1
Project("{FAE04EC0-301F-11D3-BF4B-00C04F79EFBC}") = "desktopGPT", "desktopGPT.csproj", "{11538323-A990-62E2-33EE-7A8FA7C0684A}"
EndProject
Global
	GlobalSection(SolutionConfigurationPlatforms) = preSolution
		Debug|Any CPU = Debug|Any CPU
		Release|Any CPU = Release|Any CPU
	EndGlobalSection
	GlobalSection(ProjectConfigurationPlatforms) = postSolution
		{11538323-A990-62E2-33EE-7A8FA7C0684A}.Debug|Any CPU.ActiveCfg = Debug|Any CPU
		{11538323-A990-62E2-33EE-7A8FA7C0684A}.Debug|Any CPU.Build.0 = Debug|Any CPU
		{11538323-A990-62E2-33EE-7A8FA7C0684A}.Release|Any CPU.ActiveCfg = Release|Any CPU
		{11538323-A990-62E2-33EE-7A8FA7C0684A}.Release|Any CPU.Build.0 = Release|Any CPU
	EndGlobalSection
	GlobalSection(SolutionProperties) = preSolution
		HideSolutionNode = FALSE
	EndGlobalSection
	GlobalSection(ExtensibilityGlobals) = postSolution
		SolutionGuid = {53B87FA1-FAC8-4F30-A2BC-D4C0F2EFD97A}
	EndGlobalSection
EndGlobal
